
Microsoft Visual Studio Solution File, Format Version 12.00
# Visual Studio Version 17
VisualStudioVersion = 17.5.33502.453
MinimumVisualStudioVersion = 10.0.40219.1
Project("{FAE04EC0-301F-11D3-BF4B-00C04F79EFBC}") = "NtpPerformans", "NtpPerformans.csproj", "{029AAB75-1F33-487E-A157-DA0BE0B5AAB9}"
EndProject
Global
	GlobalSection(SolutionConfigurationPlatforms) = preSolution
		Debug|Any CPU = Debug|Any CPU
		Release|Any CPU = Release|Any CPU
	EndGlobalSection
	GlobalSection(ProjectConfigurationPlatforms) = postSolution
		{029AAB75-1F33-487E-A157-DA0BE0B5AAB9}.Debug|Any CPU.ActiveCfg = Debug|Any CPU
		{029AAB75-1F33-487E-A157-DA0BE0B5AAB9}.Debug|Any CPU.Build.0 = Debug|Any CPU
		{029AAB75-1F33-487E-A157-DA0BE0B5AAB9}.Release|Any CPU.ActiveCfg = Release|Any CPU
		{029AAB75-1F33-487E-A157-DA0BE0B5AAB9}.Release|Any CPU.Build.0 = Release|Any CPU
	EndGlobalSection
	GlobalSection(SolutionProperties) = preSolution
		HideSolutionNode = FALSE
	EndGlobalSection
	GlobalSection(ExtensibilityGlobals) = postSolution
		SolutionGuid = {57CDC7E8-1273-47F2-B383-7217BCBBA959}
	EndGlobalSection
EndGlobal
